
Microsoft Visual Studio Solution File, Format Version 12.00
# Visual Studio Version 17
VisualStudioVersion = 17.1.31903.286
MinimumVisualStudioVersion = 10.0.40219.1
Project("{9A19103F-16F7-4668-BE54-9A1E7A4F7556}") = "Silver.Base", "Silver.Base\Silver.Base.csproj", "{3CA96FED-46FC-478A-A4D5-14580FC5D98A}"
EndProject
Project("{9A19103F-16F7-4668-BE54-9A1E7A4F7556}") = "Silver.Metadata", "Silver.Metadata\Silver.Metadata.csproj", "{D7515C78-F485-4C16-B72F-2828AAFFBC97}"
EndProject
Project("{2150E333-8FDC-42A3-9474-1A3956D46DE8}") = "External", "External", "{2B3C8FF5-A5FA-499C-9AE1-480CD6884D3A}"
EndProject
Project("{9A19103F-16F7-4668-BE54-9A1E7A4F7556}") = "Microsoft.Cci.NET6", "..\ext\cci\NET6\Microsoft.Cci\Microsoft.Cci.NET6.csproj", "{958DF08C-4720-4608-A785-B6B97C3D3CBA}"
EndProject
Project("{9A19103F-16F7-4668-BE54-9A1E7A4F7556}") = "Nuclear.Assemblies", "..\ext\Nuclear.Assemblies\Nuclear.Assemblies.csproj", "{E55EF43E-2BA4-414A-A853-4D054F241983}"
EndProject
Project("{2150E333-8FDC-42A3-9474-1A3956D46DE8}") = "cci", "cci", "{97B84996-DCED-4188-A2B2-1BDFDDEBA0E0}"
EndProject
Project("{9A19103F-16F7-4668-BE54-9A1E7A4F7556}") = "Microsoft.DiaSymReader.Converter", "..\ext\cci\NET6\ext\symreader-converter\src\Microsoft.DiaSymReader.Converter\Microsoft.DiaSymReader.Converter.csproj", "{924EFAC3-8EE8-4B89-BC37-678E2D47C216}"
EndProject
Project("{9A19103F-16F7-4668-BE54-9A1E7A4F7556}") = "Silver.Core", "Silver.Core\Silver.Core.csproj", "{C9209A62-8645-44B7-8F7D-B7902EF28EFA}"
EndProject
Project("{9A19103F-16F7-4668-BE54-9A1E7A4F7556}") = "Silver.CLI", "Silver.CLI\Silver.CLI.csproj", "{C3470CEA-A6AB-4D35-8252-296641558163}"
EndProject
Project("{2150E333-8FDC-42A3-9474-1A3956D46DE8}") = "Tests", "Tests", "{06B8E793-CBA6-4C1A-ABBB-4031911FAB1E}"
EndProject
Project("{2150E333-8FDC-42A3-9474-1A3956D46DE8}") = "App", "App", "{BD039360-D4FD-4D2C-BF67-C4BEA9A8AC9C}"
EndProject
Project("{9A19103F-16F7-4668-BE54-9A1E7A4F7556}") = "Silver.SpecSharp.Tests", "..\tests\Silver.SpecSharp.Tests\Silver.SpecSharp.Tests.csproj", "{628D4CFB-2F80-4746-A688-E4896571E4CD}"
EndProject
Project("{2150E333-8FDC-42A3-9474-1A3956D46DE8}") = "TestProjects", "TestProjects", "{6205CADA-8311-4077-8971-116FC9E7C00A}"
EndProject
Project("{9A19103F-16F7-4668-BE54-9A1E7A4F7556}") = "Silver.Projects", "Silver.Projects\Silver.Projects.csproj", "{C3C931F9-DD4A-4C71-844D-B7FA8481133F}"
EndProject
Project("{2150E333-8FDC-42A3-9474-1A3956D46DE8}") = "SpecSharp", "SpecSharp", "{9A6DED94-0B62-42EA-8CA4-3A4BFEB3ED3F}"
EndProject
Project("{FAE04EC0-301F-11D3-BF4B-00C04F79EFBC}") = "System.Compiler.Runtime", "..\ext\specsharp\System.Compiler.Runtime\System.Compiler.Runtime.csproj", "{5BEE6906-9652-47B4-B617-368E9598B449}"
EndProject
Project("{FAE04EC0-301F-11D3-BF4B-00C04F79EFBC}") = "System.Compiler", "..\ext\specsharp\System.Compiler\System.Compiler.csproj", "{D7E16B38-3893-4EEF-847F-A3BE807E9546}"
EndProject
Project("{FAE04EC0-301F-11D3-BF4B-00C04F79EFBC}") = "System.Compiler.Framework", "..\ext\specsharp\System.Compiler.Framework\System.Compiler.Framework.csproj", "{5D3B8B5B-703E-4843-ABF3-A864F5B6ADA3}"
EndProject
Project("{FAE04EC0-301F-11D3-BF4B-00C04F79EFBC}") = "Microsoft.SpecSharp", "..\ext\specsharp\Microsoft.SpecSharp\Microsoft.SpecSharp.csproj", "{0B747571-5739-4A09-B368-2FF47C01A698}"
EndProject
Project("{FAE04EC0-301F-11D3-BF4B-00C04F79EFBC}") = "ssc", "..\ext\specsharp\Microsoft.SpecSharp\CommandLineCompiler\ssc.csproj", "{01298982-80B4-44B2-AD1D-05BC9FE4F990}"
EndProject
Project("{9A19103F-16F7-4668-BE54-9A1E7A4F7556}") = "Silver.Verifiier", "Silver.Verifiier\Silver.Verifiier.csproj", "{14D248FE-D12F-48FB-8A58-1A3B63E19512}"
EndProject
Project("{9A19103F-16F7-4668-BE54-9A1E7A4F7556}") = "Silver.Verifier.Tests", "..\tests\Silver.Verifier.Tests\Silver.Verifier.Tests.csproj", "{1D9F252A-901E-4B47-B059-DBA491111601}"
EndProject
Project("{2150E333-8FDC-42A3-9474-1A3956D46DE8}") = "analysis-net", "analysis-net", "{74A0CFE7-1E03-4D1A-AB58-8F2A62B6F640}"
EndProject
Project("{9A19103F-16F7-4668-BE54-9A1E7A4F7556}") = "Silver.CodeAnalysis.IL.Tests", "..\tests\Silver.CodeAnalysis.IL.Tests\Silver.CodeAnalysis.IL.Tests.csproj", "{C10398B9-02AE-4371-938A-31E3BF7895F5}"
EndProject
Project("{9A19103F-16F7-4668-BE54-9A1E7A4F7556}") = "Silver.TestProject1", "..\tests\TestProjects\Silver.TestProject1\Silver.TestProject1.csproj", "{2DA439B4-6B20-4999-8569-3B943794F0D9}"
EndProject
Project("{9A19103F-16F7-4668-BE54-9A1E7A4F7556}") = "Silver.CodeAnalysis.IL.TestProject1", "..\tests\TestProjects\Silver.CodeAnalysis.IL.TestProject1\Silver.CodeAnalysis.IL.TestProject1.csproj", "{6E61C7E8-6B6D-4CBA-9A42-5F21F4546943}"
EndProject
Project("{9A19103F-16F7-4668-BE54-9A1E7A4F7556}") = "Backend.NET6", "..\ext\analysis-net\Backend\Backend.NET6.csproj", "{8738D709-D649-498C-8772-261FCA14EACD}"
EndProject
Project("{9A19103F-16F7-4668-BE54-9A1E7A4F7556}") = "Silver.CodeAnalysis.IL", "Silver.CodeAnalysis.IL\Silver.CodeAnalysis.IL.csproj", "{C09AE16D-A31E-44FD-8669-26E6F5A1F741}"
EndProject
Project("{9A19103F-16F7-4668-BE54-9A1E7A4F7556}") = "Microsoft.Cci.NET6", "..\ext\analysis-net\cci\NET6\Microsoft.Cci\Microsoft.Cci.NET6.csproj", "{E2B7A252-0D96-4541-A71C-FC7EA0CEC402}"
EndProject
Project("{9A19103F-16F7-4668-BE54-9A1E7A4F7556}") = "Microsoft.DiaSymReader.Converter", "..\ext\analysis-net\cci\NET6\ext\symreader-converter\src\Microsoft.DiaSymReader.Converter\Microsoft.DiaSymReader.Converter.csproj", "{096D31D8-3119-45D0-BC3F-192ACD114C38}"
EndProject
Project("{9A19103F-16F7-4668-BE54-9A1E7A4F7556}") = "Console.NET6", "..\ext\analysis-net\Console\Console.NET6.csproj", "{1A20E0B1-8A0C-4F31-85F8-F90254EA9224}"
EndProject
Global
	GlobalSection(SolutionConfigurationPlatforms) = preSolution
		Debug|Any CPU = Debug|Any CPU
		DebugCommandLine|Any CPU = DebugCommandLine|Any CPU
		DebugExp|Any CPU = DebugExp|Any CPU
		DebugNoData|Any CPU = DebugNoData|Any CPU
		NoExtendedRuntime|Any CPU = NoExtendedRuntime|Any CPU
		Release|Any CPU = Release|Any CPU
		ReleaseCommandLine|Any CPU = ReleaseCommandLine|Any CPU
	EndGlobalSection
	GlobalSection(ProjectConfigurationPlatforms) = postSolution
		{3CA96FED-46FC-478A-A4D5-14580FC5D98A}.Debug|Any CPU.ActiveCfg = Debug|Any CPU
		{3CA96FED-46FC-478A-A4D5-14580FC5D98A}.Debug|Any CPU.Build.0 = Debug|Any CPU
		{3CA96FED-46FC-478A-A4D5-14580FC5D98A}.DebugCommandLine|Any CPU.ActiveCfg = Debug|Any CPU
		{3CA96FED-46FC-478A-A4D5-14580FC5D98A}.DebugCommandLine|Any CPU.Build.0 = Debug|Any CPU
		{3CA96FED-46FC-478A-A4D5-14580FC5D98A}.DebugExp|Any CPU.ActiveCfg = Debug|Any CPU
		{3CA96FED-46FC-478A-A4D5-14580FC5D98A}.DebugExp|Any CPU.Build.0 = Debug|Any CPU
		{3CA96FED-46FC-478A-A4D5-14580FC5D98A}.DebugNoData|Any CPU.ActiveCfg = Debug|Any CPU
		{3CA96FED-46FC-478A-A4D5-14580FC5D98A}.DebugNoData|Any CPU.Build.0 = Debug|Any CPU
		{3CA96FED-46FC-478A-A4D5-14580FC5D98A}.NoExtendedRuntime|Any CPU.ActiveCfg = Release|Any CPU
		{3CA96FED-46FC-478A-A4D5-14580FC5D98A}.NoExtendedRuntime|Any CPU.Build.0 = Release|Any CPU
		{3CA96FED-46FC-478A-A4D5-14580FC5D98A}.Release|Any CPU.ActiveCfg = Release|Any CPU
		{3CA96FED-46FC-478A-A4D5-14580FC5D98A}.Release|Any CPU.Build.0 = Release|Any CPU
		{3CA96FED-46FC-478A-A4D5-14580FC5D98A}.ReleaseCommandLine|Any CPU.ActiveCfg = Release|Any CPU
		{3CA96FED-46FC-478A-A4D5-14580FC5D98A}.ReleaseCommandLine|Any CPU.Build.0 = Release|Any CPU
		{D7515C78-F485-4C16-B72F-2828AAFFBC97}.Debug|Any CPU.ActiveCfg = Debug|Any CPU
		{D7515C78-F485-4C16-B72F-2828AAFFBC97}.Debug|Any CPU.Build.0 = Debug|Any CPU
		{D7515C78-F485-4C16-B72F-2828AAFFBC97}.DebugCommandLine|Any CPU.ActiveCfg = Debug|Any CPU
		{D7515C78-F485-4C16-B72F-2828AAFFBC97}.DebugCommandLine|Any CPU.Build.0 = Debug|Any CPU
		{D7515C78-F485-4C16-B72F-2828AAFFBC97}.DebugExp|Any CPU.ActiveCfg = Debug|Any CPU
		{D7515C78-F485-4C16-B72F-2828AAFFBC97}.DebugExp|Any CPU.Build.0 = Debug|Any CPU
		{D7515C78-F485-4C16-B72F-2828AAFFBC97}.DebugNoData|Any CPU.ActiveCfg = Debug|Any CPU
		{D7515C78-F485-4C16-B72F-2828AAFFBC97}.DebugNoData|Any CPU.Build.0 = Debug|Any CPU
		{D7515C78-F485-4C16-B72F-2828AAFFBC97}.NoExtendedRuntime|Any CPU.ActiveCfg = Release|Any CPU
		{D7515C78-F485-4C16-B72F-2828AAFFBC97}.NoExtendedRuntime|Any CPU.Build.0 = Release|Any CPU
		{D7515C78-F485-4C16-B72F-2828AAFFBC97}.Release|Any CPU.ActiveCfg = Release|Any CPU
		{D7515C78-F485-4C16-B72F-2828AAFFBC97}.Release|Any CPU.Build.0 = Release|Any CPU
		{D7515C78-F485-4C16-B72F-2828AAFFBC97}.ReleaseCommandLine|Any CPU.ActiveCfg = Release|Any CPU
		{D7515C78-F485-4C16-B72F-2828AAFFBC97}.ReleaseCommandLine|Any CPU.Build.0 = Release|Any CPU
		{958DF08C-4720-4608-A785-B6B97C3D3CBA}.Debug|Any CPU.ActiveCfg = Debug|Any CPU
		{958DF08C-4720-4608-A785-B6B97C3D3CBA}.Debug|Any CPU.Build.0 = Debug|Any CPU
		{958DF08C-4720-4608-A785-B6B97C3D3CBA}.DebugCommandLine|Any CPU.ActiveCfg = Debug|Any CPU
		{958DF08C-4720-4608-A785-B6B97C3D3CBA}.DebugCommandLine|Any CPU.Build.0 = Debug|Any CPU
		{958DF08C-4720-4608-A785-B6B97C3D3CBA}.DebugExp|Any CPU.ActiveCfg = Debug|Any CPU
		{958DF08C-4720-4608-A785-B6B97C3D3CBA}.DebugExp|Any CPU.Build.0 = Debug|Any CPU
		{958DF08C-4720-4608-A785-B6B97C3D3CBA}.DebugNoData|Any CPU.ActiveCfg = Debug|Any CPU
		{958DF08C-4720-4608-A785-B6B97C3D3CBA}.DebugNoData|Any CPU.Build.0 = Debug|Any CPU
		{958DF08C-4720-4608-A785-B6B97C3D3CBA}.NoExtendedRuntime|Any CPU.ActiveCfg = Release|Any CPU
		{958DF08C-4720-4608-A785-B6B97C3D3CBA}.NoExtendedRuntime|Any CPU.Build.0 = Release|Any CPU
		{958DF08C-4720-4608-A785-B6B97C3D3CBA}.Release|Any CPU.ActiveCfg = Release|Any CPU
		{958DF08C-4720-4608-A785-B6B97C3D3CBA}.Release|Any CPU.Build.0 = Release|Any CPU
		{958DF08C-4720-4608-A785-B6B97C3D3CBA}.ReleaseCommandLine|Any CPU.ActiveCfg = Release|Any CPU
		{958DF08C-4720-4608-A785-B6B97C3D3CBA}.ReleaseCommandLine|Any CPU.Build.0 = Release|Any CPU
		{E55EF43E-2BA4-414A-A853-4D054F241983}.Debug|Any CPU.ActiveCfg = Debug|Any CPU
		{E55EF43E-2BA4-414A-A853-4D054F241983}.Debug|Any CPU.Build.0 = Debug|Any CPU
		{E55EF43E-2BA4-414A-A853-4D054F241983}.DebugCommandLine|Any CPU.ActiveCfg = Debug|Any CPU
		{E55EF43E-2BA4-414A-A853-4D054F241983}.DebugCommandLine|Any CPU.Build.0 = Debug|Any CPU
		{E55EF43E-2BA4-414A-A853-4D054F241983}.DebugExp|Any CPU.ActiveCfg = Debug|Any CPU
		{E55EF43E-2BA4-414A-A853-4D054F241983}.DebugExp|Any CPU.Build.0 = Debug|Any CPU
		{E55EF43E-2BA4-414A-A853-4D054F241983}.DebugNoData|Any CPU.ActiveCfg = Debug|Any CPU
		{E55EF43E-2BA4-414A-A853-4D054F241983}.DebugNoData|Any CPU.Build.0 = Debug|Any CPU
		{E55EF43E-2BA4-414A-A853-4D054F241983}.NoExtendedRuntime|Any CPU.ActiveCfg = Release|Any CPU
		{E55EF43E-2BA4-414A-A853-4D054F241983}.NoExtendedRuntime|Any CPU.Build.0 = Release|Any CPU
		{E55EF43E-2BA4-414A-A853-4D054F241983}.Release|Any CPU.ActiveCfg = Release|Any CPU
		{E55EF43E-2BA4-414A-A853-4D054F241983}.Release|Any CPU.Build.0 = Release|Any CPU
		{E55EF43E-2BA4-414A-A853-4D054F241983}.ReleaseCommandLine|Any CPU.ActiveCfg = Release|Any CPU
		{E55EF43E-2BA4-414A-A853-4D054F241983}.ReleaseCommandLine|Any CPU.Build.0 = Release|Any CPU
		{924EFAC3-8EE8-4B89-BC37-678E2D47C216}.Debug|Any CPU.ActiveCfg = Debug|Any CPU
		{924EFAC3-8EE8-4B89-BC37-678E2D47C216}.Debug|Any CPU.Build.0 = Debug|Any CPU
		{924EFAC3-8EE8-4B89-BC37-678E2D47C216}.DebugCommandLine|Any CPU.ActiveCfg = Debug|Any CPU
		{924EFAC3-8EE8-4B89-BC37-678E2D47C216}.DebugCommandLine|Any CPU.Build.0 = Debug|Any CPU
		{924EFAC3-8EE8-4B89-BC37-678E2D47C216}.DebugExp|Any CPU.ActiveCfg = Debug|Any CPU
		{924EFAC3-8EE8-4B89-BC37-678E2D47C216}.DebugExp|Any CPU.Build.0 = Debug|Any CPU
		{924EFAC3-8EE8-4B89-BC37-678E2D47C216}.DebugNoData|Any CPU.ActiveCfg = Debug|Any CPU
		{924EFAC3-8EE8-4B89-BC37-678E2D47C216}.DebugNoData|Any CPU.Build.0 = Debug|Any CPU
		{924EFAC3-8EE8-4B89-BC37-678E2D47C216}.NoExtendedRuntime|Any CPU.ActiveCfg = Release|Any CPU
		{924EFAC3-8EE8-4B89-BC37-678E2D47C216}.NoExtendedRuntime|Any CPU.Build.0 = Release|Any CPU
		{924EFAC3-8EE8-4B89-BC37-678E2D47C216}.Release|Any CPU.ActiveCfg = Release|Any CPU
		{924EFAC3-8EE8-4B89-BC37-678E2D47C216}.Release|Any CPU.Build.0 = Release|Any CPU
		{924EFAC3-8EE8-4B89-BC37-678E2D47C216}.ReleaseCommandLine|Any CPU.ActiveCfg = Release|Any CPU
		{924EFAC3-8EE8-4B89-BC37-678E2D47C216}.ReleaseCommandLine|Any CPU.Build.0 = Release|Any CPU
		{C9209A62-8645-44B7-8F7D-B7902EF28EFA}.Debug|Any CPU.ActiveCfg = Debug|Any CPU
		{C9209A62-8645-44B7-8F7D-B7902EF28EFA}.Debug|Any CPU.Build.0 = Debug|Any CPU
		{C9209A62-8645-44B7-8F7D-B7902EF28EFA}.DebugCommandLine|Any CPU.ActiveCfg = Debug|Any CPU
		{C9209A62-8645-44B7-8F7D-B7902EF28EFA}.DebugCommandLine|Any CPU.Build.0 = Debug|Any CPU
		{C9209A62-8645-44B7-8F7D-B7902EF28EFA}.DebugExp|Any CPU.ActiveCfg = Debug|Any CPU
		{C9209A62-8645-44B7-8F7D-B7902EF28EFA}.DebugExp|Any CPU.Build.0 = Debug|Any CPU
		{C9209A62-8645-44B7-8F7D-B7902EF28EFA}.DebugNoData|Any CPU.ActiveCfg = Debug|Any CPU
		{C9209A62-8645-44B7-8F7D-B7902EF28EFA}.DebugNoData|Any CPU.Build.0 = Debug|Any CPU
		{C9209A62-8645-44B7-8F7D-B7902EF28EFA}.NoExtendedRuntime|Any CPU.ActiveCfg = Release|Any CPU
		{C9209A62-8645-44B7-8F7D-B7902EF28EFA}.NoExtendedRuntime|Any CPU.Build.0 = Release|Any CPU
		{C9209A62-8645-44B7-8F7D-B7902EF28EFA}.Release|Any CPU.ActiveCfg = Release|Any CPU
		{C9209A62-8645-44B7-8F7D-B7902EF28EFA}.Release|Any CPU.Build.0 = Release|Any CPU
		{C9209A62-8645-44B7-8F7D-B7902EF28EFA}.ReleaseCommandLine|Any CPU.ActiveCfg = Release|Any CPU
		{C9209A62-8645-44B7-8F7D-B7902EF28EFA}.ReleaseCommandLine|Any CPU.Build.0 = Release|Any CPU
		{C3470CEA-A6AB-4D35-8252-296641558163}.Debug|Any CPU.ActiveCfg = Debug|Any CPU
		{C3470CEA-A6AB-4D35-8252-296641558163}.Debug|Any CPU.Build.0 = Debug|Any CPU
		{C3470CEA-A6AB-4D35-8252-296641558163}.DebugCommandLine|Any CPU.ActiveCfg = Debug|Any CPU
		{C3470CEA-A6AB-4D35-8252-296641558163}.DebugCommandLine|Any CPU.Build.0 = Debug|Any CPU
		{C3470CEA-A6AB-4D35-8252-296641558163}.DebugExp|Any CPU.ActiveCfg = Debug|Any CPU
		{C3470CEA-A6AB-4D35-8252-296641558163}.DebugExp|Any CPU.Build.0 = Debug|Any CPU
		{C3470CEA-A6AB-4D35-8252-296641558163}.DebugNoData|Any CPU.ActiveCfg = Debug|Any CPU
		{C3470CEA-A6AB-4D35-8252-296641558163}.DebugNoData|Any CPU.Build.0 = Debug|Any CPU
		{C3470CEA-A6AB-4D35-8252-296641558163}.NoExtendedRuntime|Any CPU.ActiveCfg = Release|Any CPU
		{C3470CEA-A6AB-4D35-8252-296641558163}.NoExtendedRuntime|Any CPU.Build.0 = Release|Any CPU
		{C3470CEA-A6AB-4D35-8252-296641558163}.Release|Any CPU.ActiveCfg = Release|Any CPU
		{C3470CEA-A6AB-4D35-8252-296641558163}.Release|Any CPU.Build.0 = Release|Any CPU
		{C3470CEA-A6AB-4D35-8252-296641558163}.ReleaseCommandLine|Any CPU.ActiveCfg = Release|Any CPU
		{C3470CEA-A6AB-4D35-8252-296641558163}.ReleaseCommandLine|Any CPU.Build.0 = Release|Any CPU
		{628D4CFB-2F80-4746-A688-E4896571E4CD}.Debug|Any CPU.ActiveCfg = Debug|Any CPU
		{628D4CFB-2F80-4746-A688-E4896571E4CD}.Debug|Any CPU.Build.0 = Debug|Any CPU
		{628D4CFB-2F80-4746-A688-E4896571E4CD}.DebugCommandLine|Any CPU.ActiveCfg = Debug|Any CPU
		{628D4CFB-2F80-4746-A688-E4896571E4CD}.DebugCommandLine|Any CPU.Build.0 = Debug|Any CPU
		{628D4CFB-2F80-4746-A688-E4896571E4CD}.DebugExp|Any CPU.ActiveCfg = Debug|Any CPU
		{628D4CFB-2F80-4746-A688-E4896571E4CD}.DebugExp|Any CPU.Build.0 = Debug|Any CPU
		{628D4CFB-2F80-4746-A688-E4896571E4CD}.DebugNoData|Any CPU.ActiveCfg = Debug|Any CPU
		{628D4CFB-2F80-4746-A688-E4896571E4CD}.DebugNoData|Any CPU.Build.0 = Debug|Any CPU
		{628D4CFB-2F80-4746-A688-E4896571E4CD}.NoExtendedRuntime|Any CPU.ActiveCfg = Release|Any CPU
		{628D4CFB-2F80-4746-A688-E4896571E4CD}.NoExtendedRuntime|Any CPU.Build.0 = Release|Any CPU
		{628D4CFB-2F80-4746-A688-E4896571E4CD}.Release|Any CPU.ActiveCfg = Release|Any CPU
		{628D4CFB-2F80-4746-A688-E4896571E4CD}.Release|Any CPU.Build.0 = Release|Any CPU
		{628D4CFB-2F80-4746-A688-E4896571E4CD}.ReleaseCommandLine|Any CPU.ActiveCfg = Release|Any CPU
		{628D4CFB-2F80-4746-A688-E4896571E4CD}.ReleaseCommandLine|Any CPU.Build.0 = Release|Any CPU
		{C3C931F9-DD4A-4C71-844D-B7FA8481133F}.Debug|Any CPU.ActiveCfg = Debug|Any CPU
		{C3C931F9-DD4A-4C71-844D-B7FA8481133F}.Debug|Any CPU.Build.0 = Debug|Any CPU
		{C3C931F9-DD4A-4C71-844D-B7FA8481133F}.DebugCommandLine|Any CPU.ActiveCfg = Debug|Any CPU
		{C3C931F9-DD4A-4C71-844D-B7FA8481133F}.DebugCommandLine|Any CPU.Build.0 = Debug|Any CPU
		{C3C931F9-DD4A-4C71-844D-B7FA8481133F}.DebugExp|Any CPU.ActiveCfg = Debug|Any CPU
		{C3C931F9-DD4A-4C71-844D-B7FA8481133F}.DebugExp|Any CPU.Build.0 = Debug|Any CPU
		{C3C931F9-DD4A-4C71-844D-B7FA8481133F}.DebugNoData|Any CPU.ActiveCfg = Debug|Any CPU
		{C3C931F9-DD4A-4C71-844D-B7FA8481133F}.DebugNoData|Any CPU.Build.0 = Debug|Any CPU
		{C3C931F9-DD4A-4C71-844D-B7FA8481133F}.NoExtendedRuntime|Any CPU.ActiveCfg = Release|Any CPU
		{C3C931F9-DD4A-4C71-844D-B7FA8481133F}.NoExtendedRuntime|Any CPU.Build.0 = Release|Any CPU
		{C3C931F9-DD4A-4C71-844D-B7FA8481133F}.Release|Any CPU.ActiveCfg = Release|Any CPU
		{C3C931F9-DD4A-4C71-844D-B7FA8481133F}.Release|Any CPU.Build.0 = Release|Any CPU
		{C3C931F9-DD4A-4C71-844D-B7FA8481133F}.ReleaseCommandLine|Any CPU.ActiveCfg = Release|Any CPU
		{C3C931F9-DD4A-4C71-844D-B7FA8481133F}.ReleaseCommandLine|Any CPU.Build.0 = Release|Any CPU
		{5BEE6906-9652-47B4-B617-368E9598B449}.Debug|Any CPU.ActiveCfg = Debug|Any CPU
		{5BEE6906-9652-47B4-B617-368E9598B449}.Debug|Any CPU.Build.0 = Debug|Any CPU
		{5BEE6906-9652-47B4-B617-368E9598B449}.DebugCommandLine|Any CPU.ActiveCfg = DebugCommandLine|Any CPU
		{5BEE6906-9652-47B4-B617-368E9598B449}.DebugCommandLine|Any CPU.Build.0 = DebugCommandLine|Any CPU
		{5BEE6906-9652-47B4-B617-368E9598B449}.DebugExp|Any CPU.ActiveCfg = Debug|Any CPU
		{5BEE6906-9652-47B4-B617-368E9598B449}.DebugExp|Any CPU.Build.0 = Debug|Any CPU
		{5BEE6906-9652-47B4-B617-368E9598B449}.DebugNoData|Any CPU.ActiveCfg = DebugNoData|Any CPU
		{5BEE6906-9652-47B4-B617-368E9598B449}.DebugNoData|Any CPU.Build.0 = DebugNoData|Any CPU
		{5BEE6906-9652-47B4-B617-368E9598B449}.NoExtendedRuntime|Any CPU.ActiveCfg = Debug|Any CPU
		{5BEE6906-9652-47B4-B617-368E9598B449}.NoExtendedRuntime|Any CPU.Build.0 = Debug|Any CPU
		{5BEE6906-9652-47B4-B617-368E9598B449}.Release|Any CPU.ActiveCfg = Release|Any CPU
		{5BEE6906-9652-47B4-B617-368E9598B449}.Release|Any CPU.Build.0 = Release|Any CPU
		{5BEE6906-9652-47B4-B617-368E9598B449}.ReleaseCommandLine|Any CPU.ActiveCfg = Release|Any CPU
		{5BEE6906-9652-47B4-B617-368E9598B449}.ReleaseCommandLine|Any CPU.Build.0 = Release|Any CPU
		{D7E16B38-3893-4EEF-847F-A3BE807E9546}.Debug|Any CPU.ActiveCfg = Debug|Any CPU
		{D7E16B38-3893-4EEF-847F-A3BE807E9546}.Debug|Any CPU.Build.0 = Debug|Any CPU
		{D7E16B38-3893-4EEF-847F-A3BE807E9546}.DebugCommandLine|Any CPU.ActiveCfg = DebugCommandLine|Any CPU
		{D7E16B38-3893-4EEF-847F-A3BE807E9546}.DebugCommandLine|Any CPU.Build.0 = DebugCommandLine|Any CPU
		{D7E16B38-3893-4EEF-847F-A3BE807E9546}.DebugExp|Any CPU.ActiveCfg = Debug|Any CPU
		{D7E16B38-3893-4EEF-847F-A3BE807E9546}.DebugExp|Any CPU.Build.0 = Debug|Any CPU
		{D7E16B38-3893-4EEF-847F-A3BE807E9546}.DebugNoData|Any CPU.ActiveCfg = DebugNoData|Any CPU
		{D7E16B38-3893-4EEF-847F-A3BE807E9546}.DebugNoData|Any CPU.Build.0 = DebugNoData|Any CPU
		{D7E16B38-3893-4EEF-847F-A3BE807E9546}.NoExtendedRuntime|Any CPU.ActiveCfg = NoExtendedRuntime|Any CPU
		{D7E16B38-3893-4EEF-847F-A3BE807E9546}.NoExtendedRuntime|Any CPU.Build.0 = NoExtendedRuntime|Any CPU
		{D7E16B38-3893-4EEF-847F-A3BE807E9546}.Release|Any CPU.ActiveCfg = Release|Any CPU
		{D7E16B38-3893-4EEF-847F-A3BE807E9546}.Release|Any CPU.Build.0 = Release|Any CPU
		{D7E16B38-3893-4EEF-847F-A3BE807E9546}.ReleaseCommandLine|Any CPU.ActiveCfg = Release|Any CPU
		{D7E16B38-3893-4EEF-847F-A3BE807E9546}.ReleaseCommandLine|Any CPU.Build.0 = Release|Any CPU
		{5D3B8B5B-703E-4843-ABF3-A864F5B6ADA3}.Debug|Any CPU.ActiveCfg = Debug|Any CPU
		{5D3B8B5B-703E-4843-ABF3-A864F5B6ADA3}.Debug|Any CPU.Build.0 = Debug|Any CPU
		{5D3B8B5B-703E-4843-ABF3-A864F5B6ADA3}.DebugCommandLine|Any CPU.ActiveCfg = DebugCommandLine|Any CPU
		{5D3B8B5B-703E-4843-ABF3-A864F5B6ADA3}.DebugCommandLine|Any CPU.Build.0 = DebugCommandLine|Any CPU
		{5D3B8B5B-703E-4843-ABF3-A864F5B6ADA3}.DebugExp|Any CPU.ActiveCfg = Debug|Any CPU
		{5D3B8B5B-703E-4843-ABF3-A864F5B6ADA3}.DebugExp|Any CPU.Build.0 = Debug|Any CPU
		{5D3B8B5B-703E-4843-ABF3-A864F5B6ADA3}.DebugNoData|Any CPU.ActiveCfg = DebugNoData|Any CPU
		{5D3B8B5B-703E-4843-ABF3-A864F5B6ADA3}.DebugNoData|Any CPU.Build.0 = DebugNoData|Any CPU
		{5D3B8B5B-703E-4843-ABF3-A864F5B6ADA3}.NoExtendedRuntime|Any CPU.ActiveCfg = Debug|Any CPU
		{5D3B8B5B-703E-4843-ABF3-A864F5B6ADA3}.NoExtendedRuntime|Any CPU.Build.0 = Debug|Any CPU
		{5D3B8B5B-703E-4843-ABF3-A864F5B6ADA3}.Release|Any CPU.ActiveCfg = Release|Any CPU
		{5D3B8B5B-703E-4843-ABF3-A864F5B6ADA3}.Release|Any CPU.Build.0 = Release|Any CPU
		{5D3B8B5B-703E-4843-ABF3-A864F5B6ADA3}.ReleaseCommandLine|Any CPU.ActiveCfg = Release|Any CPU
		{5D3B8B5B-703E-4843-ABF3-A864F5B6ADA3}.ReleaseCommandLine|Any CPU.Build.0 = Release|Any CPU
		{0B747571-5739-4A09-B368-2FF47C01A698}.Debug|Any CPU.ActiveCfg = Debug|Any CPU
		{0B747571-5739-4A09-B368-2FF47C01A698}.Debug|Any CPU.Build.0 = Debug|Any CPU
		{0B747571-5739-4A09-B368-2FF47C01A698}.DebugCommandLine|Any CPU.ActiveCfg = DebugCommandLine|Any CPU
		{0B747571-5739-4A09-B368-2FF47C01A698}.DebugCommandLine|Any CPU.Build.0 = DebugCommandLine|Any CPU
		{0B747571-5739-4A09-B368-2FF47C01A698}.DebugExp|Any CPU.ActiveCfg = DebugExp|Any CPU
		{0B747571-5739-4A09-B368-2FF47C01A698}.DebugExp|Any CPU.Build.0 = DebugExp|Any CPU
		{0B747571-5739-4A09-B368-2FF47C01A698}.DebugNoData|Any CPU.ActiveCfg = Debug|Any CPU
		{0B747571-5739-4A09-B368-2FF47C01A698}.DebugNoData|Any CPU.Build.0 = Debug|Any CPU
		{0B747571-5739-4A09-B368-2FF47C01A698}.NoExtendedRuntime|Any CPU.ActiveCfg = Debug|Any CPU
		{0B747571-5739-4A09-B368-2FF47C01A698}.NoExtendedRuntime|Any CPU.Build.0 = Debug|Any CPU
		{0B747571-5739-4A09-B368-2FF47C01A698}.Release|Any CPU.ActiveCfg = Release|Any CPU
		{0B747571-5739-4A09-B368-2FF47C01A698}.Release|Any CPU.Build.0 = Release|Any CPU
		{0B747571-5739-4A09-B368-2FF47C01A698}.ReleaseCommandLine|Any CPU.ActiveCfg = ReleaseCommandLine|Any CPU
		{0B747571-5739-4A09-B368-2FF47C01A698}.ReleaseCommandLine|Any CPU.Build.0 = ReleaseCommandLine|Any CPU
		{01298982-80B4-44B2-AD1D-05BC9FE4F990}.Debug|Any CPU.ActiveCfg = Debug|Any CPU
		{01298982-80B4-44B2-AD1D-05BC9FE4F990}.Debug|Any CPU.Build.0 = Debug|Any CPU
		{01298982-80B4-44B2-AD1D-05BC9FE4F990}.DebugCommandLine|Any CPU.ActiveCfg = DebugCommandLine|Any CPU
		{01298982-80B4-44B2-AD1D-05BC9FE4F990}.DebugCommandLine|Any CPU.Build.0 = DebugCommandLine|Any CPU
		{01298982-80B4-44B2-AD1D-05BC9FE4F990}.DebugExp|Any CPU.ActiveCfg = Debug|Any CPU
		{01298982-80B4-44B2-AD1D-05BC9FE4F990}.DebugExp|Any CPU.Build.0 = Debug|Any CPU
		{01298982-80B4-44B2-AD1D-05BC9FE4F990}.DebugNoData|Any CPU.ActiveCfg = Debug|Any CPU
		{01298982-80B4-44B2-AD1D-05BC9FE4F990}.DebugNoData|Any CPU.Build.0 = Debug|Any CPU
		{01298982-80B4-44B2-AD1D-05BC9FE4F990}.NoExtendedRuntime|Any CPU.ActiveCfg = Debug|Any CPU
		{01298982-80B4-44B2-AD1D-05BC9FE4F990}.NoExtendedRuntime|Any CPU.Build.0 = Debug|Any CPU
		{01298982-80B4-44B2-AD1D-05BC9FE4F990}.Release|Any CPU.ActiveCfg = Release|Any CPU
		{01298982-80B4-44B2-AD1D-05BC9FE4F990}.Release|Any CPU.Build.0 = Release|Any CPU
		{01298982-80B4-44B2-AD1D-05BC9FE4F990}.ReleaseCommandLine|Any CPU.ActiveCfg = Release|Any CPU
		{01298982-80B4-44B2-AD1D-05BC9FE4F990}.ReleaseCommandLine|Any CPU.Build.0 = Release|Any CPU
		{14D248FE-D12F-48FB-8A58-1A3B63E19512}.Debug|Any CPU.ActiveCfg = Debug|Any CPU
		{14D248FE-D12F-48FB-8A58-1A3B63E19512}.Debug|Any CPU.Build.0 = Debug|Any CPU
		{14D248FE-D12F-48FB-8A58-1A3B63E19512}.DebugCommandLine|Any CPU.ActiveCfg = Debug|Any CPU
		{14D248FE-D12F-48FB-8A58-1A3B63E19512}.DebugCommandLine|Any CPU.Build.0 = Debug|Any CPU
		{14D248FE-D12F-48FB-8A58-1A3B63E19512}.DebugExp|Any CPU.ActiveCfg = Debug|Any CPU
		{14D248FE-D12F-48FB-8A58-1A3B63E19512}.DebugExp|Any CPU.Build.0 = Debug|Any CPU
		{14D248FE-D12F-48FB-8A58-1A3B63E19512}.DebugNoData|Any CPU.ActiveCfg = Debug|Any CPU
		{14D248FE-D12F-48FB-8A58-1A3B63E19512}.DebugNoData|Any CPU.Build.0 = Debug|Any CPU
		{14D248FE-D12F-48FB-8A58-1A3B63E19512}.NoExtendedRuntime|Any CPU.ActiveCfg = Debug|Any CPU
		{14D248FE-D12F-48FB-8A58-1A3B63E19512}.NoExtendedRuntime|Any CPU.Build.0 = Debug|Any CPU
		{14D248FE-D12F-48FB-8A58-1A3B63E19512}.Release|Any CPU.ActiveCfg = Release|Any CPU
		{14D248FE-D12F-48FB-8A58-1A3B63E19512}.Release|Any CPU.Build.0 = Release|Any CPU
		{14D248FE-D12F-48FB-8A58-1A3B63E19512}.ReleaseCommandLine|Any CPU.ActiveCfg = Release|Any CPU
		{14D248FE-D12F-48FB-8A58-1A3B63E19512}.ReleaseCommandLine|Any CPU.Build.0 = Release|Any CPU
		{1D9F252A-901E-4B47-B059-DBA491111601}.Debug|Any CPU.ActiveCfg = Debug|Any CPU
		{1D9F252A-901E-4B47-B059-DBA491111601}.Debug|Any CPU.Build.0 = Debug|Any CPU
		{1D9F252A-901E-4B47-B059-DBA491111601}.DebugCommandLine|Any CPU.ActiveCfg = Debug|Any CPU
		{1D9F252A-901E-4B47-B059-DBA491111601}.DebugCommandLine|Any CPU.Build.0 = Debug|Any CPU
		{1D9F252A-901E-4B47-B059-DBA491111601}.DebugExp|Any CPU.ActiveCfg = Debug|Any CPU
		{1D9F252A-901E-4B47-B059-DBA491111601}.DebugExp|Any CPU.Build.0 = Debug|Any CPU
		{1D9F252A-901E-4B47-B059-DBA491111601}.DebugNoData|Any CPU.ActiveCfg = Debug|Any CPU
		{1D9F252A-901E-4B47-B059-DBA491111601}.DebugNoData|Any CPU.Build.0 = Debug|Any CPU
		{1D9F252A-901E-4B47-B059-DBA491111601}.NoExtendedRuntime|Any CPU.ActiveCfg = Debug|Any CPU
		{1D9F252A-901E-4B47-B059-DBA491111601}.NoExtendedRuntime|Any CPU.Build.0 = Debug|Any CPU
		{1D9F252A-901E-4B47-B059-DBA491111601}.Release|Any CPU.ActiveCfg = Release|Any CPU
		{1D9F252A-901E-4B47-B059-DBA491111601}.Release|Any CPU.Build.0 = Release|Any CPU
		{1D9F252A-901E-4B47-B059-DBA491111601}.ReleaseCommandLine|Any CPU.ActiveCfg = Release|Any CPU
		{1D9F252A-901E-4B47-B059-DBA491111601}.ReleaseCommandLine|Any CPU.Build.0 = Release|Any CPU
		{C10398B9-02AE-4371-938A-31E3BF7895F5}.Debug|Any CPU.ActiveCfg = Debug|Any CPU
		{C10398B9-02AE-4371-938A-31E3BF7895F5}.Debug|Any CPU.Build.0 = Debug|Any CPU
		{C10398B9-02AE-4371-938A-31E3BF7895F5}.DebugCommandLine|Any CPU.ActiveCfg = Debug|Any CPU
		{C10398B9-02AE-4371-938A-31E3BF7895F5}.DebugCommandLine|Any CPU.Build.0 = Debug|Any CPU
		{C10398B9-02AE-4371-938A-31E3BF7895F5}.DebugExp|Any CPU.ActiveCfg = Debug|Any CPU
		{C10398B9-02AE-4371-938A-31E3BF7895F5}.DebugExp|Any CPU.Build.0 = Debug|Any CPU
		{C10398B9-02AE-4371-938A-31E3BF7895F5}.DebugNoData|Any CPU.ActiveCfg = Debug|Any CPU
		{C10398B9-02AE-4371-938A-31E3BF7895F5}.DebugNoData|Any CPU.Build.0 = Debug|Any CPU
		{C10398B9-02AE-4371-938A-31E3BF7895F5}.NoExtendedRuntime|Any CPU.ActiveCfg = Debug|Any CPU
		{C10398B9-02AE-4371-938A-31E3BF7895F5}.NoExtendedRuntime|Any CPU.Build.0 = Debug|Any CPU
		{C10398B9-02AE-4371-938A-31E3BF7895F5}.Release|Any CPU.ActiveCfg = Release|Any CPU
		{C10398B9-02AE-4371-938A-31E3BF7895F5}.Release|Any CPU.Build.0 = Release|Any CPU
		{C10398B9-02AE-4371-938A-31E3BF7895F5}.ReleaseCommandLine|Any CPU.ActiveCfg = Release|Any CPU
		{C10398B9-02AE-4371-938A-31E3BF7895F5}.ReleaseCommandLine|Any CPU.Build.0 = Release|Any CPU
		{2DA439B4-6B20-4999-8569-3B943794F0D9}.Debug|Any CPU.ActiveCfg = Debug|Any CPU
		{2DA439B4-6B20-4999-8569-3B943794F0D9}.Debug|Any CPU.Build.0 = Debug|Any CPU
		{2DA439B4-6B20-4999-8569-3B943794F0D9}.DebugCommandLine|Any CPU.ActiveCfg = Debug|Any CPU
		{2DA439B4-6B20-4999-8569-3B943794F0D9}.DebugCommandLine|Any CPU.Build.0 = Debug|Any CPU
		{2DA439B4-6B20-4999-8569-3B943794F0D9}.DebugExp|Any CPU.ActiveCfg = Debug|Any CPU
		{2DA439B4-6B20-4999-8569-3B943794F0D9}.DebugExp|Any CPU.Build.0 = Debug|Any CPU
		{2DA439B4-6B20-4999-8569-3B943794F0D9}.DebugNoData|Any CPU.ActiveCfg = Debug|Any CPU
		{2DA439B4-6B20-4999-8569-3B943794F0D9}.DebugNoData|Any CPU.Build.0 = Debug|Any CPU
		{2DA439B4-6B20-4999-8569-3B943794F0D9}.NoExtendedRuntime|Any CPU.ActiveCfg = Debug|Any CPU
		{2DA439B4-6B20-4999-8569-3B943794F0D9}.NoExtendedRuntime|Any CPU.Build.0 = Debug|Any CPU
		{2DA439B4-6B20-4999-8569-3B943794F0D9}.Release|Any CPU.ActiveCfg = Release|Any CPU
		{2DA439B4-6B20-4999-8569-3B943794F0D9}.Release|Any CPU.Build.0 = Release|Any CPU
		{2DA439B4-6B20-4999-8569-3B943794F0D9}.ReleaseCommandLine|Any CPU.ActiveCfg = Release|Any CPU
		{2DA439B4-6B20-4999-8569-3B943794F0D9}.ReleaseCommandLine|Any CPU.Build.0 = Release|Any CPU
		{6E61C7E8-6B6D-4CBA-9A42-5F21F4546943}.Debug|Any CPU.ActiveCfg = Debug|Any CPU
		{6E61C7E8-6B6D-4CBA-9A42-5F21F4546943}.Debug|Any CPU.Build.0 = Debug|Any CPU
		{6E61C7E8-6B6D-4CBA-9A42-5F21F4546943}.DebugCommandLine|Any CPU.ActiveCfg = Debug|Any CPU
		{6E61C7E8-6B6D-4CBA-9A42-5F21F4546943}.DebugCommandLine|Any CPU.Build.0 = Debug|Any CPU
		{6E61C7E8-6B6D-4CBA-9A42-5F21F4546943}.DebugExp|Any CPU.ActiveCfg = Debug|Any CPU
		{6E61C7E8-6B6D-4CBA-9A42-5F21F4546943}.DebugExp|Any CPU.Build.0 = Debug|Any CPU
		{6E61C7E8-6B6D-4CBA-9A42-5F21F4546943}.DebugNoData|Any CPU.ActiveCfg = Debug|Any CPU
		{6E61C7E8-6B6D-4CBA-9A42-5F21F4546943}.DebugNoData|Any CPU.Build.0 = Debug|Any CPU
		{6E61C7E8-6B6D-4CBA-9A42-5F21F4546943}.NoExtendedRuntime|Any CPU.ActiveCfg = Debug|Any CPU
		{6E61C7E8-6B6D-4CBA-9A42-5F21F4546943}.NoExtendedRuntime|Any CPU.Build.0 = Debug|Any CPU
		{6E61C7E8-6B6D-4CBA-9A42-5F21F4546943}.Release|Any CPU.ActiveCfg = Release|Any CPU
		{6E61C7E8-6B6D-4CBA-9A42-5F21F4546943}.Release|Any CPU.Build.0 = Release|Any CPU
		{6E61C7E8-6B6D-4CBA-9A42-5F21F4546943}.ReleaseCommandLine|Any CPU.ActiveCfg = Release|Any CPU
		{6E61C7E8-6B6D-4CBA-9A42-5F21F4546943}.ReleaseCommandLine|Any CPU.Build.0 = Release|Any CPU
		{8738D709-D649-498C-8772-261FCA14EACD}.Debug|Any CPU.ActiveCfg = Debug|Any CPU
		{8738D709-D649-498C-8772-261FCA14EACD}.Debug|Any CPU.Build.0 = Debug|Any CPU
		{8738D709-D649-498C-8772-261FCA14EACD}.DebugCommandLine|Any CPU.ActiveCfg = Debug|Any CPU
		{8738D709-D649-498C-8772-261FCA14EACD}.DebugCommandLine|Any CPU.Build.0 = Debug|Any CPU
		{8738D709-D649-498C-8772-261FCA14EACD}.DebugExp|Any CPU.ActiveCfg = Debug|Any CPU
		{8738D709-D649-498C-8772-261FCA14EACD}.DebugExp|Any CPU.Build.0 = Debug|Any CPU
		{8738D709-D649-498C-8772-261FCA14EACD}.DebugNoData|Any CPU.ActiveCfg = Debug|Any CPU
		{8738D709-D649-498C-8772-261FCA14EACD}.DebugNoData|Any CPU.Build.0 = Debug|Any CPU
		{8738D709-D649-498C-8772-261FCA14EACD}.NoExtendedRuntime|Any CPU.ActiveCfg = Debug|Any CPU
		{8738D709-D649-498C-8772-261FCA14EACD}.NoExtendedRuntime|Any CPU.Build.0 = Debug|Any CPU
		{8738D709-D649-498C-8772-261FCA14EACD}.Release|Any CPU.ActiveCfg = Release|Any CPU
		{8738D709-D649-498C-8772-261FCA14EACD}.Release|Any CPU.Build.0 = Release|Any CPU
		{8738D709-D649-498C-8772-261FCA14EACD}.ReleaseCommandLine|Any CPU.ActiveCfg = Release|Any CPU
		{8738D709-D649-498C-8772-261FCA14EACD}.ReleaseCommandLine|Any CPU.Build.0 = Release|Any CPU
		{C09AE16D-A31E-44FD-8669-26E6F5A1F741}.Debug|Any CPU.ActiveCfg = Debug|Any CPU
		{C09AE16D-A31E-44FD-8669-26E6F5A1F741}.Debug|Any CPU.Build.0 = Debug|Any CPU
		{C09AE16D-A31E-44FD-8669-26E6F5A1F741}.DebugCommandLine|Any CPU.ActiveCfg = Debug|Any CPU
		{C09AE16D-A31E-44FD-8669-26E6F5A1F741}.DebugCommandLine|Any CPU.Build.0 = Debug|Any CPU
		{C09AE16D-A31E-44FD-8669-26E6F5A1F741}.DebugExp|Any CPU.ActiveCfg = Debug|Any CPU
		{C09AE16D-A31E-44FD-8669-26E6F5A1F741}.DebugExp|Any CPU.Build.0 = Debug|Any CPU
		{C09AE16D-A31E-44FD-8669-26E6F5A1F741}.DebugNoData|Any CPU.ActiveCfg = Debug|Any CPU
		{C09AE16D-A31E-44FD-8669-26E6F5A1F741}.DebugNoData|Any CPU.Build.0 = Debug|Any CPU
		{C09AE16D-A31E-44FD-8669-26E6F5A1F741}.NoExtendedRuntime|Any CPU.ActiveCfg = Debug|Any CPU
		{C09AE16D-A31E-44FD-8669-26E6F5A1F741}.NoExtendedRuntime|Any CPU.Build.0 = Debug|Any CPU
		{C09AE16D-A31E-44FD-8669-26E6F5A1F741}.Release|Any CPU.ActiveCfg = Release|Any CPU
		{C09AE16D-A31E-44FD-8669-26E6F5A1F741}.Release|Any CPU.Build.0 = Release|Any CPU
		{C09AE16D-A31E-44FD-8669-26E6F5A1F741}.ReleaseCommandLine|Any CPU.ActiveCfg = Release|Any CPU
		{C09AE16D-A31E-44FD-8669-26E6F5A1F741}.ReleaseCommandLine|Any CPU.Build.0 = Release|Any CPU
		{E2B7A252-0D96-4541-A71C-FC7EA0CEC402}.Debug|Any CPU.ActiveCfg = Debug|Any CPU
		{E2B7A252-0D96-4541-A71C-FC7EA0CEC402}.Debug|Any CPU.Build.0 = Debug|Any CPU
		{E2B7A252-0D96-4541-A71C-FC7EA0CEC402}.DebugCommandLine|Any CPU.ActiveCfg = Debug|Any CPU
		{E2B7A252-0D96-4541-A71C-FC7EA0CEC402}.DebugCommandLine|Any CPU.Build.0 = Debug|Any CPU
		{E2B7A252-0D96-4541-A71C-FC7EA0CEC402}.DebugExp|Any CPU.ActiveCfg = Debug|Any CPU
		{E2B7A252-0D96-4541-A71C-FC7EA0CEC402}.DebugExp|Any CPU.Build.0 = Debug|Any CPU
		{E2B7A252-0D96-4541-A71C-FC7EA0CEC402}.DebugNoData|Any CPU.ActiveCfg = Debug|Any CPU
		{E2B7A252-0D96-4541-A71C-FC7EA0CEC402}.DebugNoData|Any CPU.Build.0 = Debug|Any CPU
		{E2B7A252-0D96-4541-A71C-FC7EA0CEC402}.NoExtendedRuntime|Any CPU.ActiveCfg = Debug|Any CPU
		{E2B7A252-0D96-4541-A71C-FC7EA0CEC402}.NoExtendedRuntime|Any CPU.Build.0 = Debug|Any CPU
		{E2B7A252-0D96-4541-A71C-FC7EA0CEC402}.Release|Any CPU.ActiveCfg = Release|Any CPU
		{E2B7A252-0D96-4541-A71C-FC7EA0CEC402}.Release|Any CPU.Build.0 = Release|Any CPU
		{E2B7A252-0D96-4541-A71C-FC7EA0CEC402}.ReleaseCommandLine|Any CPU.ActiveCfg = Release|Any CPU
		{E2B7A252-0D96-4541-A71C-FC7EA0CEC402}.ReleaseCommandLine|Any CPU.Build.0 = Release|Any CPU
		{096D31D8-3119-45D0-BC3F-192ACD114C38}.Debug|Any CPU.ActiveCfg = Debug|Any CPU
		{096D31D8-3119-45D0-BC3F-192ACD114C38}.Debug|Any CPU.Build.0 = Debug|Any CPU
		{096D31D8-3119-45D0-BC3F-192ACD114C38}.DebugCommandLine|Any CPU.ActiveCfg = Debug|Any CPU
		{096D31D8-3119-45D0-BC3F-192ACD114C38}.DebugCommandLine|Any CPU.Build.0 = Debug|Any CPU
		{096D31D8-3119-45D0-BC3F-192ACD114C38}.DebugExp|Any CPU.ActiveCfg = Debug|Any CPU
		{096D31D8-3119-45D0-BC3F-192ACD114C38}.DebugExp|Any CPU.Build.0 = Debug|Any CPU
		{096D31D8-3119-45D0-BC3F-192ACD114C38}.DebugNoData|Any CPU.ActiveCfg = Debug|Any CPU
		{096D31D8-3119-45D0-BC3F-192ACD114C38}.DebugNoData|Any CPU.Build.0 = Debug|Any CPU
		{096D31D8-3119-45D0-BC3F-192ACD114C38}.NoExtendedRuntime|Any CPU.ActiveCfg = Debug|Any CPU
		{096D31D8-3119-45D0-BC3F-192ACD114C38}.NoExtendedRuntime|Any CPU.Build.0 = Debug|Any CPU
		{096D31D8-3119-45D0-BC3F-192ACD114C38}.Release|Any CPU.ActiveCfg = Release|Any CPU
		{096D31D8-3119-45D0-BC3F-192ACD114C38}.Release|Any CPU.Build.0 = Release|Any CPU
		{096D31D8-3119-45D0-BC3F-192ACD114C38}.ReleaseCommandLine|Any CPU.ActiveCfg = Release|Any CPU
		{096D31D8-3119-45D0-BC3F-192ACD114C38}.ReleaseCommandLine|Any CPU.Build.0 = Release|Any CPU
		{1A20E0B1-8A0C-4F31-85F8-F90254EA9224}.Debug|Any CPU.ActiveCfg = Debug|Any CPU
		{1A20E0B1-8A0C-4F31-85F8-F90254EA9224}.Debug|Any CPU.Build.0 = Debug|Any CPU
		{1A20E0B1-8A0C-4F31-85F8-F90254EA9224}.DebugCommandLine|Any CPU.ActiveCfg = Debug|Any CPU
		{1A20E0B1-8A0C-4F31-85F8-F90254EA9224}.DebugCommandLine|Any CPU.Build.0 = Debug|Any CPU
		{1A20E0B1-8A0C-4F31-85F8-F90254EA9224}.DebugExp|Any CPU.ActiveCfg = Debug|Any CPU
		{1A20E0B1-8A0C-4F31-85F8-F90254EA9224}.DebugExp|Any CPU.Build.0 = Debug|Any CPU
		{1A20E0B1-8A0C-4F31-85F8-F90254EA9224}.DebugNoData|Any CPU.ActiveCfg = Debug|Any CPU
		{1A20E0B1-8A0C-4F31-85F8-F90254EA9224}.DebugNoData|Any CPU.Build.0 = Debug|Any CPU
		{1A20E0B1-8A0C-4F31-85F8-F90254EA9224}.NoExtendedRuntime|Any CPU.ActiveCfg = Debug|Any CPU
		{1A20E0B1-8A0C-4F31-85F8-F90254EA9224}.NoExtendedRuntime|Any CPU.Build.0 = Debug|Any CPU
		{1A20E0B1-8A0C-4F31-85F8-F90254EA9224}.Release|Any CPU.ActiveCfg = Release|Any CPU
		{1A20E0B1-8A0C-4F31-85F8-F90254EA9224}.Release|Any CPU.Build.0 = Release|Any CPU
		{1A20E0B1-8A0C-4F31-85F8-F90254EA9224}.ReleaseCommandLine|Any CPU.ActiveCfg = Release|Any CPU
		{1A20E0B1-8A0C-4F31-85F8-F90254EA9224}.ReleaseCommandLine|Any CPU.Build.0 = Release|Any CPU
	EndGlobalSection
	GlobalSection(SolutionProperties) = preSolution
		HideSolutionNode = FALSE
	EndGlobalSection
	GlobalSection(NestedProjects) = preSolution
		{3CA96FED-46FC-478A-A4D5-14580FC5D98A} = {BD039360-D4FD-4D2C-BF67-C4BEA9A8AC9C}
		{D7515C78-F485-4C16-B72F-2828AAFFBC97} = {BD039360-D4FD-4D2C-BF67-C4BEA9A8AC9C}
		{958DF08C-4720-4608-A785-B6B97C3D3CBA} = {97B84996-DCED-4188-A2B2-1BDFDDEBA0E0}
		{E55EF43E-2BA4-414A-A853-4D054F241983} = {2B3C8FF5-A5FA-499C-9AE1-480CD6884D3A}
		{97B84996-DCED-4188-A2B2-1BDFDDEBA0E0} = {2B3C8FF5-A5FA-499C-9AE1-480CD6884D3A}
		{924EFAC3-8EE8-4B89-BC37-678E2D47C216} = {97B84996-DCED-4188-A2B2-1BDFDDEBA0E0}
		{C9209A62-8645-44B7-8F7D-B7902EF28EFA} = {BD039360-D4FD-4D2C-BF67-C4BEA9A8AC9C}
		{C3470CEA-A6AB-4D35-8252-296641558163} = {BD039360-D4FD-4D2C-BF67-C4BEA9A8AC9C}
		{628D4CFB-2F80-4746-A688-E4896571E4CD} = {06B8E793-CBA6-4C1A-ABBB-4031911FAB1E}
		{6205CADA-8311-4077-8971-116FC9E7C00A} = {06B8E793-CBA6-4C1A-ABBB-4031911FAB1E}
		{C3C931F9-DD4A-4C71-844D-B7FA8481133F} = {BD039360-D4FD-4D2C-BF67-C4BEA9A8AC9C}
		{9A6DED94-0B62-42EA-8CA4-3A4BFEB3ED3F} = {2B3C8FF5-A5FA-499C-9AE1-480CD6884D3A}
		{5BEE6906-9652-47B4-B617-368E9598B449} = {9A6DED94-0B62-42EA-8CA4-3A4BFEB3ED3F}
		{D7E16B38-3893-4EEF-847F-A3BE807E9546} = {9A6DED94-0B62-42EA-8CA4-3A4BFEB3ED3F}
		{5D3B8B5B-703E-4843-ABF3-A864F5B6ADA3} = {9A6DED94-0B62-42EA-8CA4-3A4BFEB3ED3F}
		{0B747571-5739-4A09-B368-2FF47C01A698} = {9A6DED94-0B62-42EA-8CA4-3A4BFEB3ED3F}
		{01298982-80B4-44B2-AD1D-05BC9FE4F990} = {9A6DED94-0B62-42EA-8CA4-3A4BFEB3ED3F}
		{14D248FE-D12F-48FB-8A58-1A3B63E19512} = {BD039360-D4FD-4D2C-BF67-C4BEA9A8AC9C}
		{1D9F252A-901E-4B47-B059-DBA491111601} = {06B8E793-CBA6-4C1A-ABBB-4031911FAB1E}
		{74A0CFE7-1E03-4D1A-AB58-8F2A62B6F640} = {2B3C8FF5-A5FA-499C-9AE1-480CD6884D3A}
		{C10398B9-02AE-4371-938A-31E3BF7895F5} = {06B8E793-CBA6-4C1A-ABBB-4031911FAB1E}
		{2DA439B4-6B20-4999-8569-3B943794F0D9} = {6205CADA-8311-4077-8971-116FC9E7C00A}
		{6E61C7E8-6B6D-4CBA-9A42-5F21F4546943} = {6205CADA-8311-4077-8971-116FC9E7C00A}
		{8738D709-D649-498C-8772-261FCA14EACD} = {74A0CFE7-1E03-4D1A-AB58-8F2A62B6F640}
		{C09AE16D-A31E-44FD-8669-26E6F5A1F741} = {BD039360-D4FD-4D2C-BF67-C4BEA9A8AC9C}
		{E2B7A252-0D96-4541-A71C-FC7EA0CEC402} = {74A0CFE7-1E03-4D1A-AB58-8F2A62B6F640}
		{096D31D8-3119-45D0-BC3F-192ACD114C38} = {74A0CFE7-1E03-4D1A-AB58-8F2A62B6F640}
		{1A20E0B1-8A0C-4F31-85F8-F90254EA9224} = {74A0CFE7-1E03-4D1A-AB58-8F2A62B6F640}
	EndGlobalSection
	GlobalSection(ExtensibilityGlobals) = postSolution
		SolutionGuid = {A800CA14-15CB-411A-B812-8369BB95894D}
	EndGlobalSection
EndGlobal
